
Microsoft Visual Studio Solution File, Format Version 12.00
# Visual Studio 15
VisualStudioVersion = 15.0.26124.0
MinimumVisualStudioVersion = 15.0.26124.0
Project("{FAE04EC0-301F-11D3-BF4B-00C04F79EFBC}") = "LoanGames.Application", "LoanGames.Application\LoanGames.Application.csproj", "{CA696D3B-30EA-47F9-9A8A-0A843E0822DF}"
EndProject
Project("{FAE04EC0-301F-11D3-BF4B-00C04F79EFBC}") = "LoanGames.Domain", "LoanGames.Domain\LoanGames.Domain.csproj", "{5172DB7F-C2BD-4F79-9A9B-E4F6438527D3}"
EndProject
Project("{FAE04EC0-301F-11D3-BF4B-00C04F79EFBC}") = "LoanGames.Infra.CrossCutting", "LoanGames.Infra.CrossCutting\LoanGames.Infra.CrossCutting.csproj", "{2A56C3C6-D154-4562-B219-B126B9C97289}"
EndProject
Project("{FAE04EC0-301F-11D3-BF4B-00C04F79EFBC}") = "LoanGames.Infra.Data", "LoanGames.Infra.Data\LoanGames.Infra.Data.csproj", "{95A4D747-0E45-4347-AA28-13B15798CFA1}"
EndProject
Project("{FAE04EC0-301F-11D3-BF4B-00C04F79EFBC}") = "LoanGames.Infra.Service", "LoanGames.Infra.Service\LoanGames.Infra.Service.csproj", "{69687E77-E673-40D6-BD14-C0FBBFC2C466}"
EndProject
Global
	GlobalSection(SolutionConfigurationPlatforms) = preSolution
		Debug|Any CPU = Debug|Any CPU
		Debug|x64 = Debug|x64
		Debug|x86 = Debug|x86
		Release|Any CPU = Release|Any CPU
		Release|x64 = Release|x64
		Release|x86 = Release|x86
	EndGlobalSection
	GlobalSection(SolutionProperties) = preSolution
		HideSolutionNode = FALSE
	EndGlobalSection
	GlobalSection(ProjectConfigurationPlatforms) = postSolution
		{CA696D3B-30EA-47F9-9A8A-0A843E0822DF}.Debug|Any CPU.ActiveCfg = Debug|Any CPU
		{CA696D3B-30EA-47F9-9A8A-0A843E0822DF}.Debug|Any CPU.Build.0 = Debug|Any CPU
		{CA696D3B-30EA-47F9-9A8A-0A843E0822DF}.Debug|x64.ActiveCfg = Debug|Any CPU
		{CA696D3B-30EA-47F9-9A8A-0A843E0822DF}.Debug|x64.Build.0 = Debug|Any CPU
		{CA696D3B-30EA-47F9-9A8A-0A843E0822DF}.Debug|x86.ActiveCfg = Debug|Any CPU
		{CA696D3B-30EA-47F9-9A8A-0A843E0822DF}.Debug|x86.Build.0 = Debug|Any CPU
		{CA696D3B-30EA-47F9-9A8A-0A843E0822DF}.Release|Any CPU.ActiveCfg = Release|Any CPU
		{CA696D3B-30EA-47F9-9A8A-0A843E0822DF}.Release|Any CPU.Build.0 = Release|Any CPU
		{CA696D3B-30EA-47F9-9A8A-0A843E0822DF}.Release|x64.ActiveCfg = Release|Any CPU
		{CA696D3B-30EA-47F9-9A8A-0A843E0822DF}.Release|x64.Build.0 = Release|Any CPU
		{CA696D3B-30EA-47F9-9A8A-0A843E0822DF}.Release|x86.ActiveCfg = Release|Any CPU
		{CA696D3B-30EA-47F9-9A8A-0A843E0822DF}.Release|x86.Build.0 = Release|Any CPU
		{5172DB7F-C2BD-4F79-9A9B-E4F6438527D3}.Debug|Any CPU.ActiveCfg = Debug|Any CPU
		{5172DB7F-C2BD-4F79-9A9B-E4F6438527D3}.Debug|Any CPU.Build.0 = Debug|Any CPU
		{5172DB7F-C2BD-4F79-9A9B-E4F6438527D3}.Debug|x64.ActiveCfg = Debug|Any CPU
		{5172DB7F-C2BD-4F79-9A9B-E4F6438527D3}.Debug|x64.Build.0 = Debug|Any CPU
		{5172DB7F-C2BD-4F79-9A9B-E4F6438527D3}.Debug|x86.ActiveCfg = Debug|Any CPU
		{5172DB7F-C2BD-4F79-9A9B-E4F6438527D3}.Debug|x86.Build.0 = Debug|Any CPU
		{5172DB7F-C2BD-4F79-9A9B-E4F6438527D3}.Release|Any CPU.ActiveCfg = Release|Any CPU
		{5172DB7F-C2BD-4F79-9A9B-E4F6438527D3}.Release|Any CPU.Build.0 = Release|Any CPU
		{5172DB7F-C2BD-4F79-9A9B-E4F6438527D3}.Release|x64.ActiveCfg = Release|Any CPU
		{5172DB7F-C2BD-4F79-9A9B-E4F6438527D3}.Release|x64.Build.0 = Release|Any CPU
		{5172DB7F-C2BD-4F79-9A9B-E4F6438527D3}.Release|x86.ActiveCfg = Release|Any CPU
		{5172DB7F-C2BD-4F79-9A9B-E4F6438527D3}.Release|x86.Build.0 = Release|Any CPU
		{2A56C3C6-D154-4562-B219-B126B9C97289}.Debug|Any CPU.ActiveCfg = Debug|Any CPU
		{2A56C3C6-D154-4562-B219-B126B9C97289}.Debug|Any CPU.Build.0 = Debug|Any CPU
		{2A56C3C6-D154-4562-B219-B126B9C97289}.Debug|x64.ActiveCfg = Debug|Any CPU
		{2A56C3C6-D154-4562-B219-B126B9C97289}.Debug|x64.Build.0 = Debug|Any CPU
		{2A56C3C6-D154-4562-B219-B126B9C97289}.Debug|x86.ActiveCfg = Debug|Any CPU
		{2A56C3C6-D154-4562-B219-B126B9C97289}.Debug|x86.Build.0 = Debug|Any CPU
		{2A56C3C6-D154-4562-B219-B126B9C97289}.Release|Any CPU.ActiveCfg = Release|Any CPU
		{2A56C3C6-D154-4562-B219-B126B9C97289}.Release|Any CPU.Build.0 = Release|Any CPU
		{2A56C3C6-D154-4562-B219-B126B9C97289}.Release|x64.ActiveCfg = Release|Any CPU
		{2A56C3C6-D154-4562-B219-B126B9C97289}.Release|x64.Build.0 = Release|Any CPU
		{2A56C3C6-D154-4562-B219-B126B9C97289}.Release|x86.ActiveCfg = Release|Any CPU
		{2A56C3C6-D154-4562-B219-B126B9C97289}.Release|x86.Build.0 = Release|Any CPU
		{95A4D747-0E45-4347-AA28-13B15798CFA1}.Debug|Any CPU.ActiveCfg = Debug|Any CPU
		{95A4D747-0E45-4347-AA28-13B15798CFA1}.Debug|Any CPU.Build.0 = Debug|Any CPU
		{95A4D747-0E45-4347-AA28-13B15798CFA1}.Debug|x64.ActiveCfg = Debug|Any CPU
		{95A4D747-0E45-4347-AA28-13B15798CFA1}.Debug|x64.Build.0 = Debug|Any CPU
		{95A4D747-0E45-4347-AA28-13B15798CFA1}.Debug|x86.ActiveCfg = Debug|Any CPU
		{95A4D747-0E45-4347-AA28-13B15798CFA1}.Debug|x86.Build.0 = Debug|Any CPU
		{95A4D747-0E45-4347-AA28-13B15798CFA1}.Release|Any CPU.ActiveCfg = Release|Any CPU
		{95A4D747-0E45-4347-AA28-13B15798CFA1}.Release|Any CPU.Build.0 = Release|Any CPU
		{95A4D747-0E45-4347-AA28-13B15798CFA1}.Release|x64.ActiveCfg = Release|Any CPU
		{95A4D747-0E45-4347-AA28-13B15798CFA1}.Release|x64.Build.0 = Release|Any CPU
		{95A4D747-0E45-4347-AA28-13B15798CFA1}.Release|x86.ActiveCfg = Release|Any CPU
		{95A4D747-0E45-4347-AA28-13B15798CFA1}.Release|x86.Build.0 = Release|Any CPU
		{69687E77-E673-40D6-BD14-C0FBBFC2C466}.Debug|Any CPU.ActiveCfg = Debug|Any CPU
		{69687E77-E673-40D6-BD14-C0FBBFC2C466}.Debug|Any CPU.Build.0 = Debug|Any CPU
		{69687E77-E673-40D6-BD14-C0FBBFC2C466}.Debug|x64.ActiveCfg = Debug|Any CPU
		{69687E77-E673-40D6-BD14-C0FBBFC2C466}.Debug|x64.Build.0 = Debug|Any CPU
		{69687E77-E673-40D6-BD14-C0FBBFC2C466}.Debug|x86.ActiveCfg = Debug|Any CPU
		{69687E77-E673-40D6-BD14-C0FBBFC2C466}.Debug|x86.Build.0 = Debug|Any CPU
		{69687E77-E673-40D6-BD14-C0FBBFC2C466}.Release|Any CPU.ActiveCfg = Release|Any CPU
		{69687E77-E673-40D6-BD14-C0FBBFC2C466}.Release|Any CPU.Build.0 = Release|Any CPU
		{69687E77-E673-40D6-BD14-C0FBBFC2C466}.Release|x64.ActiveCfg = Release|Any CPU
		{69687E77-E673-40D6-BD14-C0FBBFC2C466}.Release|x64.Build.0 = Release|Any CPU
		{69687E77-E673-40D6-BD14-C0FBBFC2C466}.Release|x86.ActiveCfg = Release|Any CPU
		{69687E77-E673-40D6-BD14-C0FBBFC2C466}.Release|x86.Build.0 = Release|Any CPU
	EndGlobalSection
EndGlobal
